// !$*UTF8*$!
{
	archiveVersion = 1;
	classes = {
	};
	objectVersion = 50;
	objects = {

/* Begin PBXBuildFile section */
		839BD0C125CB3260001F837D /* AppDelegate.swift in Sources */ = {isa = PBXBuildFile; fileRef = 839BD0C025CB3260001F837D /* AppDelegate.swift */; };
		839BD0C325CB3260001F837D /* SceneDelegate.swift in Sources */ = {isa = PBXBuildFile; fileRef = 839BD0C225CB3260001F837D /* SceneDelegate.swift */; };
		839BD0C825CB3260001F837D /* Main.storyboard in Resources */ = {isa = PBXBuildFile; fileRef = 839BD0C625CB3260001F837D /* Main.storyboard */; };
		839BD0CA25CB3262001F837D /* Assets.xcassets in Resources */ = {isa = PBXBuildFile; fileRef = 839BD0C925CB3262001F837D /* Assets.xcassets */; };
		839BD0CD25CB3262001F837D /* LaunchScreen.storyboard in Resources */ = {isa = PBXBuildFile; fileRef = 839BD0CB25CB3262001F837D /* LaunchScreen.storyboard */; };
		839BD0DC25CB34F2001F837D /* TrackListTableTableViewController.swift in Sources */ = {isa = PBXBuildFile; fileRef = 839BD0DB25CB34F2001F837D /* TrackListTableTableViewController.swift */; };
		839BD0E025CB352C001F837D /* DetailViewController.swift in Sources */ = {isa = PBXBuildFile; fileRef = 839BD0DF25CB352C001F837D /* DetailViewController.swift */; };
		839BD0E325CB3F37001F837D /* Movie.swift in Sources */ = {isa = PBXBuildFile; fileRef = 839BD0E225CB3F37001F837D /* Movie.swift */; };
		839BD0E625CB40AB001F837D /* DataManager.swift in Sources */ = {isa = PBXBuildFile; fileRef = 839BD0E525CB40AB001F837D /* DataManager.swift */; };
/* End PBXBuildFile section */

/* Begin PBXFileReference section */
		839BD0BD25CB3260001F837D /* ImdbList.app */ = {isa = PBXFileReference; explicitFileType = wrapper.application; includeInIndex = 0; path = ImdbList.app; sourceTree = BUILT_PRODUCTS_DIR; };
		839BD0C025CB3260001F837D /* AppDelegate.swift */ = {isa = PBXFileReference; lastKnownFileType = sourcecode.swift; path = AppDelegate.swift; sourceTree = "<group>"; };
		839BD0C225CB3260001F837D /* SceneDelegate.swift */ = {isa = PBXFileReference; lastKnownFileType = sourcecode.swift; path = SceneDelegate.swift; sourceTree = "<group>"; };
		839BD0C725CB3260001F837D /* Base */ = {isa = PBXFileReference; lastKnownFileType = file.storyboard; name = Base; path = Base.lproj/Main.storyboard; sourceTree = "<group>"; };
		839BD0C925CB3262001F837D /* Assets.xcassets */ = {isa = PBXFileReference; lastKnownFileType = folder.assetcatalog; path = Assets.xcassets; sourceTree = "<group>"; };
		839BD0CC25CB3262001F837D /* Base */ = {isa = PBXFileReference; lastKnownFileType = file.storyboard; name = Base; path = Base.lproj/LaunchScreen.storyboard; sourceTree = "<group>"; };
		839BD0CE25CB3262001F837D /* Info.plist */ = {isa = PBXFileReference; lastKnownFileType = text.plist.xml; path = Info.plist; sourceTree = "<group>"; };
		839BD0DB25CB34F2001F837D /* TrackListTableTableViewController.swift */ = {isa = PBXFileReference; lastKnownFileType = sourcecode.swift; path = TrackListTableTableViewController.swift; sourceTree = "<group>"; };
		839BD0DF25CB352C001F837D /* DetailViewController.swift */ = {isa = PBXFileReference; lastKnownFileType = sourcecode.swift; path = DetailViewController.swift; sourceTree = "<group>"; };
		839BD0E225CB3F37001F837D /* Movie.swift */ = {isa = PBXFileReference; lastKnownFileType = sourcecode.swift; path = Movie.swift; sourceTree = "<group>"; };
		839BD0E525CB40AB001F837D /* DataManager.swift */ = {isa = PBXFileReference; lastKnownFileType = sourcecode.swift; path = DataManager.swift; sourceTree = "<group>"; };
/* End PBXFileReference section */

/* Begin PBXFrameworksBuildPhase section */
		839BD0BA25CB325F001F837D /* Frameworks */ = {
			isa = PBXFrameworksBuildPhase;
			buildActionMask = 2147483647;
			files = (
			);
			runOnlyForDeploymentPostprocessing = 0;
		};
/* End PBXFrameworksBuildPhase section */

/* Begin PBXGroup section */
		839BD0B425CB325F001F837D = {
			isa = PBXGroup;
			children = (
				839BD0BF25CB3260001F837D /* ImdbList */,
				839BD0BE25CB3260001F837D /* Products */,
			);
			sourceTree = "<group>";
		};
		839BD0BE25CB3260001F837D /* Products */ = {
			isa = PBXGroup;
			children = (
				839BD0BD25CB3260001F837D /* ImdbList.app */,
			);
			name = Products;
			sourceTree = "<group>";
		};
		839BD0BF25CB3260001F837D /* ImdbList */ = {
			isa = PBXGroup;
			children = (
				839BD0D525CB32B3001F837D /* Delegate */,
				839BD0DA25CB333F001F837D /* ModelManager */,
				839BD0D925CB3320001F837D /* Model */,
				839BD0D725CB32F9001F837D /* View */,
				839BD0D825CB330E001F837D /* Controller */,
				839BD0C925CB3262001F837D /* Assets.xcassets */,
				839BD0CE25CB3262001F837D /* Info.plist */,
			);
			path = ImdbList;
			sourceTree = "<group>";
		};
		839BD0D525CB32B3001F837D /* Delegate */ = {
			isa = PBXGroup;
			children = (
				839BD0C025CB3260001F837D /* AppDelegate.swift */,
				839BD0C225CB3260001F837D /* SceneDelegate.swift */,
			);
			path = Delegate;
			sourceTree = "<group>";
		};
		839BD0D725CB32F9001F837D /* View */ = {
			isa = PBXGroup;
			children = (
				839BD0CB25CB3262001F837D /* LaunchScreen.storyboard */,
				839BD0C625CB3260001F837D /* Main.storyboard */,
			);
			path = View;
			sourceTree = "<group>";
		};
		839BD0D825CB330E001F837D /* Controller */ = {
			isa = PBXGroup;
			children = (
				839BD0DB25CB34F2001F837D /* TrackListTableTableViewController.swift */,
				839BD0DF25CB352C001F837D /* DetailViewController.swift */,
			);
			path = Controller;
			sourceTree = "<group>";
		};
		839BD0D925CB3320001F837D /* Model */ = {
			isa = PBXGroup;
			children = (
				839BD0E225CB3F37001F837D /* Movie.swift */,
			);
			path = Model;
			sourceTree = "<group>";
		};
		839BD0DA25CB333F001F837D /* ModelManager */ = {
			isa = PBXGroup;
			children = (
				839BD0E525CB40AB001F837D /* DataManager.swift */,
			);
			path = ModelManager;
			sourceTree = "<group>";
		};
/* End PBXGroup section */

/* Begin PBXNativeTarget section */
		839BD0BC25CB325F001F837D /* ImdbList */ = {
			isa = PBXNativeTarget;
			buildConfigurationList = 839BD0D125CB3262001F837D /* Build configuration list for PBXNativeTarget "ImdbList" */;
			buildPhases = (
				839BD0B925CB325F001F837D /* Sources */,
				839BD0BA25CB325F001F837D /* Frameworks */,
				839BD0BB25CB325F001F837D /* Resources */,
			);
			buildRules = (
			);
			dependencies = (
			);
			name = ImdbList;
			productName = ImdbList;
			productReference = 839BD0BD25CB3260001F837D /* ImdbList.app */;
			productType = "com.apple.product-type.application";
		};
/* End PBXNativeTarget section */

/* Begin PBXProject section */
		839BD0B525CB325F001F837D /* Project object */ = {
			isa = PBXProject;
			attributes = {
				LastSwiftUpdateCheck = 1230;
				LastUpgradeCheck = 1230;
				TargetAttributes = {
					839BD0BC25CB325F001F837D = {
						CreatedOnToolsVersion = 12.3;
					};
				};
			};
			buildConfigurationList = 839BD0B825CB325F001F837D /* Build configuration list for PBXProject "ImdbList" */;
			compatibilityVersion = "Xcode 9.3";
			developmentRegion = en;
			hasScannedForEncodings = 0;
			knownRegions = (
				en,
				Base,
			);
			mainGroup = 839BD0B425CB325F001F837D;
			productRefGroup = 839BD0BE25CB3260001F837D /* Products */;
			projectDirPath = "";
			projectRoot = "";
			targets = (
				839BD0BC25CB325F001F837D /* ImdbList */,
			);
		};
/* End PBXProject section */

/* Begin PBXResourcesBuildPhase section */
		839BD0BB25CB325F001F837D /* Resources */ = {
			isa = PBXResourcesBuildPhase;
			buildActionMask = 2147483647;
			files = (
				839BD0CD25CB3262001F837D /* LaunchScreen.storyboard in Resources */,
				839BD0CA25CB3262001F837D /* Assets.xcassets in Resources */,
				839BD0C825CB3260001F837D /* Main.storyboard in Resources */,
			);
			runOnlyForDeploymentPostprocessing = 0;
		};
/* End PBXResourcesBuildPhase section */

/* Begin PBXSourcesBuildPhase section */
		839BD0B925CB325F001F837D /* Sources */ = {
			isa = PBXSourcesBuildPhase;
			buildActionMask = 2147483647;
			files = (
				839BD0DC25CB34F2001F837D /* TrackListTableTableViewController.swift in Sources */,
				839BD0E625CB40AB001F837D /* DataManager.swift in Sources */,
				839BD0C125CB3260001F837D /* AppDelegate.swift in Sources */,
				839BD0C325CB3260001F837D /* SceneDelegate.swift in Sources */,
				839BD0E025CB352C001F837D /* DetailViewController.swift in Sources */,
				839BD0E325CB3F37001F837D /* Movie.swift in Sources */,
			);
			runOnlyForDeploymentPostprocessing = 0;
		};
/* End PBXSourcesBuildPhase section */

/* Begin PBXVariantGroup section */
		839BD0C625CB3260001F837D /* Main.storyboard */ = {
			isa = PBXVariantGroup;
			children = (
				839BD0C725CB3260001F837D /* Base */,
			);
			name = Main.storyboard;
			sourceTree = "<group>";
		};
		839BD0CB25CB3262001F837D /* LaunchScreen.storyboard */ = {
			isa = PBXVariantGroup;
			children = (
				839BD0CC25CB3262001F837D /* Base */,
			);
			name = LaunchScreen.storyboard;
			sourceTree = "<group>";
		};
/* End PBXVariantGroup section */

/* Begin XCBuildConfiguration section */
		839BD0CF25CB3262001F837D /* Debug */ = {
			isa = XCBuildConfiguration;
			buildSettings = {
				ALWAYS_SEARCH_USER_PATHS = NO;
				CLANG_ANALYZER_NONNULL = YES;
				CLANG_ANALYZER_NUMBER_OBJECT_CONVERSION = YES_AGGRESSIVE;
				CLANG_CXX_LANGUAGE_STANDARD = "gnu++14";
				CLANG_CXX_LIBRARY = "libc++";
				CLANG_ENABLE_MODULES = YES;
				CLANG_ENABLE_OBJC_ARC = YES;
				CLANG_ENABLE_OBJC_WEAK = YES;
				CLANG_WARN_BLOCK_CAPTURE_AUTORELEASING = YES;
				CLANG_WARN_BOOL_CONVERSION = YES;
				CLANG_WARN_COMMA = YES;
				CLANG_WARN_CONSTANT_CONVERSION = YES;
				CLANG_WARN_DEPRECATED_OBJC_IMPLEMENTATIONS = YES;
				CLANG_WARN_DIRECT_OBJC_ISA_USAGE = YES_ERROR;
				CLANG_WARN_DOCUMENTATION_COMMENTS = YES;
				CLANG_WARN_EMPTY_BODY = YES;
				CLANG_WARN_ENUM_CONVERSION = YES;
				CLANG_WARN_INFINITE_RECURSION = YES;
				CLANG_WARN_INT_CONVERSION = YES;
				CLANG_WARN_NON_LITERAL_NULL_CONVERSION = YES;
				CLANG_WARN_OBJC_IMPLICIT_RETAIN_SELF = YES;
				CLANG_WARN_OBJC_LITERAL_CONVERSION = YES;
				CLANG_WARN_OBJC_ROOT_CLASS = YES_ERROR;
				CLANG_WARN_QUOTED_INCLUDE_IN_FRAMEWORK_HEADER = YES;
				CLANG_WARN_RANGE_LOOP_ANALYSIS = YES;
				CLANG_WARN_STRICT_PROTOTYPES = YES;
				CLANG_WARN_SUSPICIOUS_MOVE = YES;
				CLANG_WARN_UNGUARDED_AVAILABILITY = YES_AGGRESSIVE;
				CLANG_WARN_UNREACHABLE_CODE = YES;
				CLANG_WARN__DUPLICATE_METHOD_MATCH = YES;
				COPY_PHASE_STRIP = NO;
				DEBUG_INFORMATION_FORMAT = dwarf;
				ENABLE_STRICT_OBJC_MSGSEND = YES;
				ENABLE_TESTABILITY = YES;
				GCC_C_LANGUAGE_STANDARD = gnu11;
				GCC_DYNAMIC_NO_PIC = NO;
				GCC_NO_COMMON_BLOCKS = YES;
				GCC_OPTIMIZATION_LEVEL = 0;
				GCC_PREPROCESSOR_DEFINITIONS = (
					"DEBUG=1",
					"$(inherited)",
				);
				GCC_WARN_64_TO_32_BIT_CONVERSION = YES;
				GCC_WARN_ABOUT_RETURN_TYPE = YES_ERROR;
				GCC_WARN_UNDECLARED_SELECTOR = YES;
				GCC_WARN_UNINITIALIZED_AUTOS = YES_AGGRESSIVE;
				GCC_WARN_UNUSED_FUNCTION = YES;
				GCC_WARN_UNUSED_VARIABLE = YES;
				IPHONEOS_DEPLOYMENT_TARGET = 14.3;
				MTL_ENABLE_DEBUG_INFO = INCLUDE_SOURCE;
				MTL_FAST_MATH = YES;
				ONLY_ACTIVE_ARCH = YES;
				SDKROOT = iphoneos;
				SWIFT_ACTIVE_COMPILATION_CONDITIONS = DEBUG;
				SWIFT_OPTIMIZATION_LEVEL = "-Onone";
			};
			name = Debug;
		};
		839BD0D025CB3262001F837D /* Release */ = {
			isa = XCBuildConfiguration;
			buildSettings = {
				ALWAYS_SEARCH_USER_PATHS = NO;
				CLANG_ANALYZER_NONNULL = YES;
				CLANG_ANALYZER_NUMBER_OBJECT_CONVERSION = YES_AGGRESSIVE;
				CLANG_CXX_LANGUAGE_STANDARD = "gnu++14";
				CLANG_CXX_LIBRARY = "libc++";
				CLANG_ENABLE_MODULES = YES;
				CLANG_ENABLE_OBJC_ARC = YES;
				CLANG_ENABLE_OBJC_WEAK = YES;
				CLANG_WARN_BLOCK_CAPTURE_AUTORELEASING = YES;
				CLANG_WARN_BOOL_CONVERSION = YES;
				CLANG_WARN_COMMA = YES;
				CLANG_WARN_CONSTANT_CONVERSION = YES;
				CLANG_WARN_DEPRECATED_OBJC_IMPLEMENTATIONS = YES;
				CLANG_WARN_DIRECT_OBJC_ISA_USAGE = YES_ERROR;
				CLANG_WARN_DOCUMENTATION_COMMENTS = YES;
				CLANG_WARN_EMPTY_BODY = YES;
				CLANG_WARN_ENUM_CONVERSION = YES;
				CLANG_WARN_INFINITE_RECURSION = YES;
				CLANG_WARN_INT_CONVERSION = YES;
				CLANG_WARN_NON_LITERAL_NULL_CONVERSION = YES;
				CLANG_WARN_OBJC_IMPLICIT_RETAIN_SELF = YES;
				CLANG_WARN_OBJC_LITERAL_CONVERSION = YES;
				CLANG_WARN_OBJC_ROOT_CLASS = YES_ERROR;
				CLANG_WARN_QUOTED_INCLUDE_IN_FRAMEWORK_HEADER = YES;
				CLANG_WARN_RANGE_LOOP_ANALYSIS = YES;
				CLANG_WARN_STRICT_PROTOTYPES = YES;
				CLANG_WARN_SUSPICIOUS_MOVE = YES;
				CLANG_WARN_UNGUARDED_AVAILABILITY = YES_AGGRESSIVE;
				CLANG_WARN_UNREACHABLE_CODE = YES;
				CLANG_WARN__DUPLICATE_METHOD_MATCH = YES;
				COPY_PHASE_STRIP = NO;
				DEBUG_INFORMATION_FORMAT = "dwarf-with-dsym";
				ENABLE_NS_ASSERTIONS = NO;
				ENABLE_STRICT_OBJC_MSGSEND = YES;
				GCC_C_LANGUAGE_STANDARD = gnu11;
				GCC_NO_COMMON_BLOCKS = YES;
				GCC_WARN_64_TO_32_BIT_CONVERSION = YES;
				GCC_WARN_ABOUT_RETURN_TYPE = YES_ERROR;
				GCC_WARN_UNDECLARED_SELECTOR = YES;
				GCC_WARN_UNINITIALIZED_AUTOS = YES_AGGRESSIVE;
				GCC_WARN_UNUSED_FUNCTION = YES;
				GCC_WARN_UNUSED_VARIABLE = YES;
				IPHONEOS_DEPLOYMENT_TARGET = 14.3;
				MTL_ENABLE_DEBUG_INFO = NO;
				MTL_FAST_MATH = YES;
				SDKROOT = iphoneos;
				SWIFT_COMPILATION_MODE = wholemodule;
				SWIFT_OPTIMIZATION_LEVEL = "-O";
				VALIDATE_PRODUCT = YES;
			};
			name = Release;
		};
		839BD0D225CB3262001F837D /* Debug */ = {
			isa = XCBuildConfiguration;
			buildSettings = {
				ASSETCATALOG_COMPILER_APPICON_NAME = AppIcon;
				ASSETCATALOG_COMPILER_GLOBAL_ACCENT_COLOR_NAME = AccentColor;
				CODE_SIGN_STYLE = Automatic;
				DEVELOPMENT_TEAM = DYBWA45MRH;
				INFOPLIST_FILE = ImdbList/Info.plist;
				LD_RUNPATH_SEARCH_PATHS = (
					"$(inherited)",
					"@executable_path/Frameworks",
				);
				PRODUCT_BUNDLE_IDENTIFIER = lv.accenture.bootcamps.ImdbList;
				PRODUCT_NAME = "$(TARGET_NAME)";
				SWIFT_VERSION = 5.0;
				TARGETED_DEVICE_FAMILY = "1,2";
			};
			name = Debug;
		};
		839BD0D325CB3262001F837D /* Release */ = {
			isa = XCBuildConfiguration;
			buildSettings = {
				ASSETCATALOG_COMPILER_APPICON_NAME = AppIcon;
				ASSETCATALOG_COMPILER_GLOBAL_ACCENT_COLOR_NAME = AccentColor;
				CODE_SIGN_STYLE = Automatic;
				DEVELOPMENT_TEAM = DYBWA45MRH;
				INFOPLIST_FILE = ImdbList/Info.plist;
				LD_RUNPATH_SEARCH_PATHS = (
					"$(inherited)",
					"@executable_path/Frameworks",
				);
				PRODUCT_BUNDLE_IDENTIFIER = lv.accenture.bootcamps.ImdbList;
				PRODUCT_NAME = "$(TARGET_NAME)";
				SWIFT_VERSION = 5.0;
				TARGETED_DEVICE_FAMILY = "1,2";
			};
			name = Release;
		};
/* End XCBuildConfiguration section */

/* Begin XCConfigurationList section */
		839BD0B825CB325F001F837D /* Build configuration list for PBXProject "ImdbList" */ = {
			isa = XCConfigurationList;
			buildConfigurations = (
				839BD0CF25CB3262001F837D /* Debug */,
				839BD0D025CB3262001F837D /* Release */,
			);
			defaultConfigurationIsVisible = 0;
			defaultConfigurationName = Release;
		};
		839BD0D125CB3262001F837D /* Build configuration list for PBXNativeTarget "ImdbList" */ = {
			isa = XCConfigurationList;
			buildConfigurations = (
				839BD0D225CB3262001F837D /* Debug */,
				839BD0D325CB3262001F837D /* Release */,
			);
			defaultConfigurationIsVisible = 0;
			defaultConfigurationName = Release;
		};
/* End XCConfigurationList section */
	};
	rootObject = 839BD0B525CB325F001F837D /* Project object */;
}
